
Microsoft Visual Studio Solution File, Format Version 12.00
# Visual Studio Version 17
VisualStudioVersion = 17.11.35219.272
MinimumVisualStudioVersion = 10.0.40219.1
Project("{FAE04EC0-301F-11D3-BF4B-00C04F79EFBC}") = "EP21100165WEB", "EP21100165WEB\EP21100165WEB.csproj", "{F8D16079-053C-422B-85E4-52EBB8E0621C}"
EndProject
Global
	GlobalSection(SolutionConfigurationPlatforms) = preSolution
		Debug|Any CPU = Debug|Any CPU
		Release|Any CPU = Release|Any CPU
	EndGlobalSection
	GlobalSection(ProjectConfigurationPlatforms) = postSolution
		{F8D16079-053C-422B-85E4-52EBB8E0621C}.Debug|Any CPU.ActiveCfg = Debug|Any CPU
		{F8D16079-053C-422B-85E4-52EBB8E0621C}.Debug|Any CPU.Build.0 = Debug|Any CPU
		{F8D16079-053C-422B-85E4-52EBB8E0621C}.Release|Any CPU.ActiveCfg = Release|Any CPU
		{F8D16079-053C-422B-85E4-52EBB8E0621C}.Release|Any CPU.Build.0 = Release|Any CPU
	EndGlobalSection
	GlobalSection(SolutionProperties) = preSolution
		HideSolutionNode = FALSE
	EndGlobalSection
	GlobalSection(ExtensibilityGlobals) = postSolution
		SolutionGuid = {2A082132-2255-430E-82AC-5AE05460D3C1}
	EndGlobalSection
EndGlobal
